
Microsoft Visual Studio Solution File, Format Version 12.00
# Visual Studio Version 16
VisualStudioVersion = 16.0.32002.261
MinimumVisualStudioVersion = 10.0.40219.1
Project("{FAE04EC0-301F-11D3-BF4B-00C04F79EFBC}") = "10 Laba", "10 Laba\10 Laba.csproj", "{7BB191C5-B3BC-45D7-92E8-CABCD927F17F}"
EndProject
Project("{FAE04EC0-301F-11D3-BF4B-00C04F79EFBC}") = "Задача 10", "Задача 10\Задача 10.csproj", "{4E381148-5E10-4562-BD0C-804C9E95652C}"
EndProject
Global
	GlobalSection(SolutionConfigurationPlatforms) = preSolution
		Debug|Any CPU = Debug|Any CPU
		Release|Any CPU = Release|Any CPU
	EndGlobalSection
	GlobalSection(ProjectConfigurationPlatforms) = postSolution
		{7BB191C5-B3BC-45D7-92E8-CABCD927F17F}.Debug|Any CPU.ActiveCfg = Debug|Any CPU
		{7BB191C5-B3BC-45D7-92E8-CABCD927F17F}.Debug|Any CPU.Build.0 = Debug|Any CPU
		{7BB191C5-B3BC-45D7-92E8-CABCD927F17F}.Release|Any CPU.ActiveCfg = Release|Any CPU
		{7BB191C5-B3BC-45D7-92E8-CABCD927F17F}.Release|Any CPU.Build.0 = Release|Any CPU
		{4E381148-5E10-4562-BD0C-804C9E95652C}.Debug|Any CPU.ActiveCfg = Debug|Any CPU
		{4E381148-5E10-4562-BD0C-804C9E95652C}.Debug|Any CPU.Build.0 = Debug|Any CPU
		{4E381148-5E10-4562-BD0C-804C9E95652C}.Release|Any CPU.ActiveCfg = Release|Any CPU
		{4E381148-5E10-4562-BD0C-804C9E95652C}.Release|Any CPU.Build.0 = Release|Any CPU
	EndGlobalSection
	GlobalSection(SolutionProperties) = preSolution
		HideSolutionNode = FALSE
	EndGlobalSection
	GlobalSection(ExtensibilityGlobals) = postSolution
		SolutionGuid = {46F3924A-58CD-4959-BBB3-456C87816DB6}
	EndGlobalSection
EndGlobal
